
Microsoft Visual Studio Solution File, Format Version 12.00
# Visual Studio Version 17
VisualStudioVersion = 17.1.32319.34
MinimumVisualStudioVersion = 10.0.40219.1
Project("{FAE04EC0-301F-11D3-BF4B-00C04F79EFBC}") = "CibiPreferiti", "CibiPreferiti\CibiPreferiti.csproj", "{758A5ADB-6544-4B83-97D0-58735BF10546}"
EndProject
Global
	GlobalSection(SolutionConfigurationPlatforms) = preSolution
		Debug|Any CPU = Debug|Any CPU
		Release|Any CPU = Release|Any CPU
	EndGlobalSection
	GlobalSection(ProjectConfigurationPlatforms) = postSolution
		{758A5ADB-6544-4B83-97D0-58735BF10546}.Debug|Any CPU.ActiveCfg = Debug|Any CPU
		{758A5ADB-6544-4B83-97D0-58735BF10546}.Debug|Any CPU.Build.0 = Debug|Any CPU
		{758A5ADB-6544-4B83-97D0-58735BF10546}.Release|Any CPU.ActiveCfg = Release|Any CPU
		{758A5ADB-6544-4B83-97D0-58735BF10546}.Release|Any CPU.Build.0 = Release|Any CPU
	EndGlobalSection
	GlobalSection(SolutionProperties) = preSolution
		HideSolutionNode = FALSE
	EndGlobalSection
	GlobalSection(ExtensibilityGlobals) = postSolution
		SolutionGuid = {462421D4-3C80-47B6-8286-F35EE2B0CC6C}
	EndGlobalSection
EndGlobal
